// !$*UTF8*$!
{
	archiveVersion = 1;
	classes = {
	};
	objectVersion = 50;
	objects = {

/* Begin PBXBuildFile section */
		6A34F31F227F0CD5000FFB38 /* AppDelegate.swift in Sources */ = {isa = PBXBuildFile; fileRef = 6A34F31E227F0CD5000FFB38 /* AppDelegate.swift */; };
		6A34F329227F0CD7000FFB38 /* LaunchScreen.storyboard in Resources */ = {isa = PBXBuildFile; fileRef = 6A34F327227F0CD7000FFB38 /* LaunchScreen.storyboard */; };
		6A34F340227F20B5000FFB38 /* Player.swift in Sources */ = {isa = PBXBuildFile; fileRef = 6A34F33F227F20B5000FFB38 /* Player.swift */; };
		6A34F343227F2332000FFB38 /* PlayerTests.swift in Sources */ = {isa = PBXBuildFile; fileRef = 6A34F342227F2332000FFB38 /* PlayerTests.swift */; };
		6A34F346227F2B2F000FFB38 /* TennisError.swift in Sources */ = {isa = PBXBuildFile; fileRef = 6A34F345227F2B2F000FFB38 /* TennisError.swift */; };
		6A34F349227F40FD000FFB38 /* Points.swift in Sources */ = {isa = PBXBuildFile; fileRef = 6A34F348227F40FD000FFB38 /* Points.swift */; };
		6A34F34B227F42A8000FFB38 /* TennisGamePresenter.swift in Sources */ = {isa = PBXBuildFile; fileRef = 6A34F34A227F42A8000FFB38 /* TennisGamePresenter.swift */; };
		6A34F34D227F478F000FFB38 /* TennisGameTests.swift in Sources */ = {isa = PBXBuildFile; fileRef = 6A34F34C227F478F000FFB38 /* TennisGameTests.swift */; };
		6A34F34F227F4BE1000FFB38 /* TennisStatus.swift in Sources */ = {isa = PBXBuildFile; fileRef = 6A34F34E227F4BE1000FFB38 /* TennisStatus.swift */; };
		6A34F351227F5637000FFB38 /* CurrentPlayer.swift in Sources */ = {isa = PBXBuildFile; fileRef = 6A34F350227F5637000FFB38 /* CurrentPlayer.swift */; };
		6A34F358227F8F7E000FFB38 /* TennisViewController.swift in Sources */ = {isa = PBXBuildFile; fileRef = 6A34F356227F8F7E000FFB38 /* TennisViewController.swift */; };
		6A34F359227F8F7E000FFB38 /* TennisViewController.xib in Resources */ = {isa = PBXBuildFile; fileRef = 6A34F357227F8F7E000FFB38 /* TennisViewController.xib */; };
		6AE2950E2281E70700DCDCEA /* TennisView.swift in Sources */ = {isa = PBXBuildFile; fileRef = 6AE2950D2281E70700DCDCEA /* TennisView.swift */; };
/* End PBXBuildFile section */

/* Begin PBXContainerItemProxy section */
		6A34F330227F0CD7000FFB38 /* PBXContainerItemProxy */ = {
			isa = PBXContainerItemProxy;
			containerPortal = 6A34F313227F0CD4000FFB38 /* Project object */;
			proxyType = 1;
			remoteGlobalIDString = 6A34F31A227F0CD4000FFB38;
			remoteInfo = Tennis;
		};
/* End PBXContainerItemProxy section */

/* Begin PBXFileReference section */
		6A34F31B227F0CD4000FFB38 /* Tennis.app */ = {isa = PBXFileReference; explicitFileType = wrapper.application; includeInIndex = 0; path = Tennis.app; sourceTree = BUILT_PRODUCTS_DIR; };
		6A34F31E227F0CD5000FFB38 /* AppDelegate.swift */ = {isa = PBXFileReference; lastKnownFileType = sourcecode.swift; path = AppDelegate.swift; sourceTree = "<group>"; };
		6A34F328227F0CD7000FFB38 /* Base */ = {isa = PBXFileReference; lastKnownFileType = file.storyboard; name = Base; path = Base.lproj/LaunchScreen.storyboard; sourceTree = "<group>"; };
		6A34F32A227F0CD7000FFB38 /* Info.plist */ = {isa = PBXFileReference; lastKnownFileType = text.plist.xml; path = Info.plist; sourceTree = "<group>"; };
		6A34F32F227F0CD7000FFB38 /* TennisTests.xctest */ = {isa = PBXFileReference; explicitFileType = wrapper.cfbundle; includeInIndex = 0; path = TennisTests.xctest; sourceTree = BUILT_PRODUCTS_DIR; };
		6A34F335227F0CD7000FFB38 /* Info.plist */ = {isa = PBXFileReference; lastKnownFileType = text.plist.xml; path = Info.plist; sourceTree = "<group>"; };
		6A34F33F227F20B5000FFB38 /* Player.swift */ = {isa = PBXFileReference; lastKnownFileType = sourcecode.swift; path = Player.swift; sourceTree = "<group>"; };
		6A34F342227F2332000FFB38 /* PlayerTests.swift */ = {isa = PBXFileReference; lastKnownFileType = sourcecode.swift; path = PlayerTests.swift; sourceTree = "<group>"; };
		6A34F345227F2B2F000FFB38 /* TennisError.swift */ = {isa = PBXFileReference; lastKnownFileType = sourcecode.swift; path = TennisError.swift; sourceTree = "<group>"; };
		6A34F348227F40FD000FFB38 /* Points.swift */ = {isa = PBXFileReference; lastKnownFileType = sourcecode.swift; path = Points.swift; sourceTree = "<group>"; };
		6A34F34A227F42A8000FFB38 /* TennisGamePresenter.swift */ = {isa = PBXFileReference; lastKnownFileType = sourcecode.swift; path = TennisGamePresenter.swift; sourceTree = "<group>"; };
		6A34F34C227F478F000FFB38 /* TennisGameTests.swift */ = {isa = PBXFileReference; lastKnownFileType = sourcecode.swift; path = TennisGameTests.swift; sourceTree = "<group>"; };
		6A34F34E227F4BE1000FFB38 /* TennisStatus.swift */ = {isa = PBXFileReference; lastKnownFileType = sourcecode.swift; path = TennisStatus.swift; sourceTree = "<group>"; };
		6A34F350227F5637000FFB38 /* CurrentPlayer.swift */ = {isa = PBXFileReference; lastKnownFileType = sourcecode.swift; path = CurrentPlayer.swift; sourceTree = "<group>"; };
		6A34F356227F8F7E000FFB38 /* TennisViewController.swift */ = {isa = PBXFileReference; lastKnownFileType = sourcecode.swift; path = TennisViewController.swift; sourceTree = "<group>"; };
		6A34F357227F8F7E000FFB38 /* TennisViewController.xib */ = {isa = PBXFileReference; lastKnownFileType = file.xib; path = TennisViewController.xib; sourceTree = "<group>"; };
		6AE2950D2281E70700DCDCEA /* TennisView.swift */ = {isa = PBXFileReference; lastKnownFileType = sourcecode.swift; path = TennisView.swift; sourceTree = "<group>"; };
/* End PBXFileReference section */

/* Begin PBXFrameworksBuildPhase section */
		6A34F318227F0CD4000FFB38 /* Frameworks */ = {
			isa = PBXFrameworksBuildPhase;
			buildActionMask = 2147483647;
			files = (
			);
			runOnlyForDeploymentPostprocessing = 0;
		};
		6A34F32C227F0CD7000FFB38 /* Frameworks */ = {
			isa = PBXFrameworksBuildPhase;
			buildActionMask = 2147483647;
			files = (
			);
			runOnlyForDeploymentPostprocessing = 0;
		};
/* End PBXFrameworksBuildPhase section */

/* Begin PBXGroup section */
		6A34F312227F0CD4000FFB38 = {
			isa = PBXGroup;
			children = (
				6A34F31D227F0CD4000FFB38 /* Tennis */,
				6A34F332227F0CD7000FFB38 /* TennisTests */,
				6A34F31C227F0CD4000FFB38 /* Products */,
			);
			sourceTree = "<group>";
		};
		6A34F31C227F0CD4000FFB38 /* Products */ = {
			isa = PBXGroup;
			children = (
				6A34F31B227F0CD4000FFB38 /* Tennis.app */,
				6A34F32F227F0CD7000FFB38 /* TennisTests.xctest */,
			);
			name = Products;
			sourceTree = "<group>";
		};
		6A34F31D227F0CD4000FFB38 /* Tennis */ = {
			isa = PBXGroup;
			children = (
				6A34F355227F8E9C000FFB38 /* ViewController */,
				6A34F352227F8DF9000FFB38 /* Presenter */,
				6A34F33E227F20A3000FFB38 /* Model */,
				6A34F347227F40E3000FFB38 /* Constants */,
				6A34F344227F2B17000FFB38 /* Errors */,
				6A34F31E227F0CD5000FFB38 /* AppDelegate.swift */,
				6A34F327227F0CD7000FFB38 /* LaunchScreen.storyboard */,
				6A34F32A227F0CD7000FFB38 /* Info.plist */,
			);
			path = Tennis;
			sourceTree = "<group>";
		};
		6A34F332227F0CD7000FFB38 /* TennisTests */ = {
			isa = PBXGroup;
			children = (
				6A34F354227F8E20000FFB38 /* Presenter */,
				6A34F341227F2319000FFB38 /* Model */,
				6A34F335227F0CD7000FFB38 /* Info.plist */,
			);
			path = TennisTests;
			sourceTree = "<group>";
		};
		6A34F33E227F20A3000FFB38 /* Model */ = {
			isa = PBXGroup;
			children = (
				6A34F33F227F20B5000FFB38 /* Player.swift */,
			);
			path = Model;
			sourceTree = "<group>";
		};
		6A34F341227F2319000FFB38 /* Model */ = {
			isa = PBXGroup;
			children = (
				6A34F342227F2332000FFB38 /* PlayerTests.swift */,
			);
			path = Model;
			sourceTree = "<group>";
		};
		6A34F344227F2B17000FFB38 /* Errors */ = {
			isa = PBXGroup;
			children = (
				6A34F345227F2B2F000FFB38 /* TennisError.swift */,
			);
			path = Errors;
			sourceTree = "<group>";
		};
		6A34F347227F40E3000FFB38 /* Constants */ = {
			isa = PBXGroup;
			children = (
				6A34F348227F40FD000FFB38 /* Points.swift */,
				6A34F34E227F4BE1000FFB38 /* TennisStatus.swift */,
				6A34F350227F5637000FFB38 /* CurrentPlayer.swift */,
			);
			path = Constants;
			sourceTree = "<group>";
		};
		6A34F352227F8DF9000FFB38 /* Presenter */ = {
			isa = PBXGroup;
			children = (
				6A34F34A227F42A8000FFB38 /* TennisGamePresenter.swift */,
			);
			path = Presenter;
			sourceTree = "<group>";
		};
		6A34F354227F8E20000FFB38 /* Presenter */ = {
			isa = PBXGroup;
			children = (
				6A34F34C227F478F000FFB38 /* TennisGameTests.swift */,
			);
			path = Presenter;
			sourceTree = "<group>";
		};
		6A34F355227F8E9C000FFB38 /* ViewController */ = {
			isa = PBXGroup;
			children = (
				6A34F356227F8F7E000FFB38 /* TennisViewController.swift */,
				6A34F357227F8F7E000FFB38 /* TennisViewController.xib */,
				6AE2950D2281E70700DCDCEA /* TennisView.swift */,
			);
			path = ViewController;
			sourceTree = "<group>";
		};
/* End PBXGroup section */

/* Begin PBXNativeTarget section */
		6A34F31A227F0CD4000FFB38 /* Tennis */ = {
			isa = PBXNativeTarget;
			buildConfigurationList = 6A34F338227F0CD7000FFB38 /* Build configuration list for PBXNativeTarget "Tennis" */;
			buildPhases = (
				6A34F317227F0CD4000FFB38 /* Sources */,
				6A34F318227F0CD4000FFB38 /* Frameworks */,
				6A34F319227F0CD4000FFB38 /* Resources */,
			);
			buildRules = (
			);
			dependencies = (
			);
			name = Tennis;
			productName = Tennis;
			productReference = 6A34F31B227F0CD4000FFB38 /* Tennis.app */;
			productType = "com.apple.product-type.application";
		};
		6A34F32E227F0CD7000FFB38 /* TennisTests */ = {
			isa = PBXNativeTarget;
			buildConfigurationList = 6A34F33B227F0CD7000FFB38 /* Build configuration list for PBXNativeTarget "TennisTests" */;
			buildPhases = (
				6A34F32B227F0CD7000FFB38 /* Sources */,
				6A34F32C227F0CD7000FFB38 /* Frameworks */,
				6A34F32D227F0CD7000FFB38 /* Resources */,
			);
			buildRules = (
			);
			dependencies = (
				6A34F331227F0CD7000FFB38 /* PBXTargetDependency */,
			);
			name = TennisTests;
			productName = TennisTests;
			productReference = 6A34F32F227F0CD7000FFB38 /* TennisTests.xctest */;
			productType = "com.apple.product-type.bundle.unit-test";
		};
/* End PBXNativeTarget section */

/* Begin PBXProject section */
		6A34F313227F0CD4000FFB38 /* Project object */ = {
			isa = PBXProject;
			attributes = {
				LastSwiftUpdateCheck = 1010;
				LastUpgradeCheck = 1010;
				ORGANIZATIONNAME = "Murali Sankar";
				TargetAttributes = {
					6A34F31A227F0CD4000FFB38 = {
						CreatedOnToolsVersion = 10.1;
					};
					6A34F32E227F0CD7000FFB38 = {
						CreatedOnToolsVersion = 10.1;
						TestTargetID = 6A34F31A227F0CD4000FFB38;
					};
				};
			};
			buildConfigurationList = 6A34F316227F0CD4000FFB38 /* Build configuration list for PBXProject "Tennis" */;
			compatibilityVersion = "Xcode 9.3";
			developmentRegion = en;
			hasScannedForEncodings = 0;
			knownRegions = (
				en,
				Base,
			);
			mainGroup = 6A34F312227F0CD4000FFB38;
			productRefGroup = 6A34F31C227F0CD4000FFB38 /* Products */;
			projectDirPath = "";
			projectRoot = "";
			targets = (
				6A34F31A227F0CD4000FFB38 /* Tennis */,
				6A34F32E227F0CD7000FFB38 /* TennisTests */,
			);
		};
/* End PBXProject section */

/* Begin PBXResourcesBuildPhase section */
		6A34F319227F0CD4000FFB38 /* Resources */ = {
			isa = PBXResourcesBuildPhase;
			buildActionMask = 2147483647;
			files = (
				6A34F359227F8F7E000FFB38 /* TennisViewController.xib in Resources */,
				6A34F329227F0CD7000FFB38 /* LaunchScreen.storyboard in Resources */,
			);
			runOnlyForDeploymentPostprocessing = 0;
		};
		6A34F32D227F0CD7000FFB38 /* Resources */ = {
			isa = PBXResourcesBuildPhase;
			buildActionMask = 2147483647;
			files = (
			);
			runOnlyForDeploymentPostprocessing = 0;
		};
/* End PBXResourcesBuildPhase section */

/* Begin PBXSourcesBuildPhase section */
		6A34F317227F0CD4000FFB38 /* Sources */ = {
			isa = PBXSourcesBuildPhase;
			buildActionMask = 2147483647;
			files = (
				6A34F358227F8F7E000FFB38 /* TennisViewController.swift in Sources */,
				6AE2950E2281E70700DCDCEA /* TennisView.swift in Sources */,
				6A34F351227F5637000FFB38 /* CurrentPlayer.swift in Sources */,
				6A34F34B227F42A8000FFB38 /* TennisGamePresenter.swift in Sources */,
				6A34F349227F40FD000FFB38 /* Points.swift in Sources */,
				6A34F34F227F4BE1000FFB38 /* TennisStatus.swift in Sources */,
				6A34F340227F20B5000FFB38 /* Player.swift in Sources */,
				6A34F31F227F0CD5000FFB38 /* AppDelegate.swift in Sources */,
				6A34F346227F2B2F000FFB38 /* TennisError.swift in Sources */,
			);
			runOnlyForDeploymentPostprocessing = 0;
		};
		6A34F32B227F0CD7000FFB38 /* Sources */ = {
			isa = PBXSourcesBuildPhase;
			buildActionMask = 2147483647;
			files = (
				6A34F34D227F478F000FFB38 /* TennisGameTests.swift in Sources */,
				6A34F343227F2332000FFB38 /* PlayerTests.swift in Sources */,
			);
			runOnlyForDeploymentPostprocessing = 0;
		};
/* End PBXSourcesBuildPhase section */

/* Begin PBXTargetDependency section */
		6A34F331227F0CD7000FFB38 /* PBXTargetDependency */ = {
			isa = PBXTargetDependency;
			target = 6A34F31A227F0CD4000FFB38 /* Tennis */;
			targetProxy = 6A34F330227F0CD7000FFB38 /* PBXContainerItemProxy */;
		};
/* End PBXTargetDependency section */

/* Begin PBXVariantGroup section */
		6A34F327227F0CD7000FFB38 /* LaunchScreen.storyboard */ = {
			isa = PBXVariantGroup;
			children = (
				6A34F328227F0CD7000FFB38 /* Base */,
			);
			name = LaunchScreen.storyboard;
			sourceTree = "<group>";
		};
/* End PBXVariantGroup section */

/* Begin XCBuildConfiguration section */
		6A34F336227F0CD7000FFB38 /* Debug */ = {
			isa = XCBuildConfiguration;
			buildSettings = {
				ALWAYS_SEARCH_USER_PATHS = NO;
				CLANG_ANALYZER_NONNULL = YES;
				CLANG_ANALYZER_NUMBER_OBJECT_CONVERSION = YES_AGGRESSIVE;
				CLANG_CXX_LANGUAGE_STANDARD = "gnu++14";
				CLANG_CXX_LIBRARY = "libc++";
				CLANG_ENABLE_MODULES = YES;
				CLANG_ENABLE_OBJC_ARC = YES;
				CLANG_ENABLE_OBJC_WEAK = YES;
				CLANG_WARN_BLOCK_CAPTURE_AUTORELEASING = YES;
				CLANG_WARN_BOOL_CONVERSION = YES;
				CLANG_WARN_COMMA = YES;
				CLANG_WARN_CONSTANT_CONVERSION = YES;
				CLANG_WARN_DEPRECATED_OBJC_IMPLEMENTATIONS = YES;
				CLANG_WARN_DIRECT_OBJC_ISA_USAGE = YES_ERROR;
				CLANG_WARN_DOCUMENTATION_COMMENTS = YES;
				CLANG_WARN_EMPTY_BODY = YES;
				CLANG_WARN_ENUM_CONVERSION = YES;
				CLANG_WARN_INFINITE_RECURSION = YES;
				CLANG_WARN_INT_CONVERSION = YES;
				CLANG_WARN_NON_LITERAL_NULL_CONVERSION = YES;
				CLANG_WARN_OBJC_IMPLICIT_RETAIN_SELF = YES;
				CLANG_WARN_OBJC_LITERAL_CONVERSION = YES;
				CLANG_WARN_OBJC_ROOT_CLASS = YES_ERROR;
				CLANG_WARN_RANGE_LOOP_ANALYSIS = YES;
				CLANG_WARN_STRICT_PROTOTYPES = YES;
				CLANG_WARN_SUSPICIOUS_MOVE = YES;
				CLANG_WARN_UNGUARDED_AVAILABILITY = YES_AGGRESSIVE;
				CLANG_WARN_UNREACHABLE_CODE = YES;
				CLANG_WARN__DUPLICATE_METHOD_MATCH = YES;
				CODE_SIGN_IDENTITY = "iPhone Developer";
				COPY_PHASE_STRIP = NO;
				DEBUG_INFORMATION_FORMAT = dwarf;
				ENABLE_STRICT_OBJC_MSGSEND = YES;
				ENABLE_TESTABILITY = YES;
				GCC_C_LANGUAGE_STANDARD = gnu11;
				GCC_DYNAMIC_NO_PIC = NO;
				GCC_NO_COMMON_BLOCKS = YES;
				GCC_OPTIMIZATION_LEVEL = 0;
				GCC_PREPROCESSOR_DEFINITIONS = (
					"DEBUG=1",
					"$(inherited)",
				);
				GCC_WARN_64_TO_32_BIT_CONVERSION = YES;
				GCC_WARN_ABOUT_RETURN_TYPE = YES_ERROR;
				GCC_WARN_UNDECLARED_SELECTOR = YES;
				GCC_WARN_UNINITIALIZED_AUTOS = YES_AGGRESSIVE;
				GCC_WARN_UNUSED_FUNCTION = YES;
				GCC_WARN_UNUSED_VARIABLE = YES;
				IPHONEOS_DEPLOYMENT_TARGET = 12.1;
				MTL_ENABLE_DEBUG_INFO = INCLUDE_SOURCE;
				MTL_FAST_MATH = YES;
				ONLY_ACTIVE_ARCH = YES;
				SDKROOT = iphoneos;
				SWIFT_ACTIVE_COMPILATION_CONDITIONS = DEBUG;
				SWIFT_OPTIMIZATION_LEVEL = "-Onone";
			};
			name = Debug;
		};
		6A34F337227F0CD7000FFB38 /* Release */ = {
			isa = XCBuildConfiguration;
			buildSettings = {
				ALWAYS_SEARCH_USER_PATHS = NO;
				CLANG_ANALYZER_NONNULL = YES;
				CLANG_ANALYZER_NUMBER_OBJECT_CONVERSION = YES_AGGRESSIVE;
				CLANG_CXX_LANGUAGE_STANDARD = "gnu++14";
				CLANG_CXX_LIBRARY = "libc++";
				CLANG_ENABLE_MODULES = YES;
				CLANG_ENABLE_OBJC_ARC = YES;
				CLANG_ENABLE_OBJC_WEAK = YES;
				CLANG_WARN_BLOCK_CAPTURE_AUTORELEASING = YES;
				CLANG_WARN_BOOL_CONVERSION = YES;
				CLANG_WARN_COMMA = YES;
				CLANG_WARN_CONSTANT_CONVERSION = YES;
				CLANG_WARN_DEPRECATED_OBJC_IMPLEMENTATIONS = YES;
				CLANG_WARN_DIRECT_OBJC_ISA_USAGE = YES_ERROR;
				CLANG_WARN_DOCUMENTATION_COMMENTS = YES;
				CLANG_WARN_EMPTY_BODY = YES;
				CLANG_WARN_ENUM_CONVERSION = YES;
				CLANG_WARN_INFINITE_RECURSION = YES;
				CLANG_WARN_INT_CONVERSION = YES;
				CLANG_WARN_NON_LITERAL_NULL_CONVERSION = YES;
				CLANG_WARN_OBJC_IMPLICIT_RETAIN_SELF = YES;
				CLANG_WARN_OBJC_LITERAL_CONVERSION = YES;
				CLANG_WARN_OBJC_ROOT_CLASS = YES_ERROR;
				CLANG_WARN_RANGE_LOOP_ANALYSIS = YES;
				CLANG_WARN_STRICT_PROTOTYPES = YES;
				CLANG_WARN_SUSPICIOUS_MOVE = YES;
				CLANG_WARN_UNGUARDED_AVAILABILITY = YES_AGGRESSIVE;
				CLANG_WARN_UNREACHABLE_CODE = YES;
				CLANG_WARN__DUPLICATE_METHOD_MATCH = YES;
				CODE_SIGN_IDENTITY = "iPhone Developer";
				COPY_PHASE_STRIP = NO;
				DEBUG_INFORMATION_FORMAT = "dwarf-with-dsym";
				ENABLE_NS_ASSERTIONS = NO;
				ENABLE_STRICT_OBJC_MSGSEND = YES;
				GCC_C_LANGUAGE_STANDARD = gnu11;
				GCC_NO_COMMON_BLOCKS = YES;
				GCC_WARN_64_TO_32_BIT_CONVERSION = YES;
				GCC_WARN_ABOUT_RETURN_TYPE = YES_ERROR;
				GCC_WARN_UNDECLARED_SELECTOR = YES;
				GCC_WARN_UNINITIALIZED_AUTOS = YES_AGGRESSIVE;
				GCC_WARN_UNUSED_FUNCTION = YES;
				GCC_WARN_UNUSED_VARIABLE = YES;
				IPHONEOS_DEPLOYMENT_TARGET = 12.1;
				MTL_ENABLE_DEBUG_INFO = NO;
				MTL_FAST_MATH = YES;
				SDKROOT = iphoneos;
				SWIFT_COMPILATION_MODE = wholemodule;
				SWIFT_OPTIMIZATION_LEVEL = "-O";
				VALIDATE_PRODUCT = YES;
			};
			name = Release;
		};
		6A34F339227F0CD7000FFB38 /* Debug */ = {
			isa = XCBuildConfiguration;
			buildSettings = {
				ASSETCATALOG_COMPILER_APPICON_NAME = AppIcon;
				CODE_SIGN_IDENTITY = "iPhone Developer";
				CODE_SIGN_STYLE = Automatic;
				DEVELOPMENT_TEAM = "";
				INFOPLIST_FILE = Tennis/Info.plist;
				LD_RUNPATH_SEARCH_PATHS = (
					"$(inherited)",
					"@executable_path/Frameworks",
				);
				PRODUCT_BUNDLE_IDENTIFIER = com.murali.Tennis;
				PRODUCT_NAME = "$(TARGET_NAME)";
				PROVISIONING_PROFILE_SPECIFIER = "";
				SWIFT_VERSION = 4.2;
				TARGETED_DEVICE_FAMILY = "1,2";
			};
			name = Debug;
		};
		6A34F33A227F0CD7000FFB38 /* Release */ = {
			isa = XCBuildConfiguration;
			buildSettings = {
				ASSETCATALOG_COMPILER_APPICON_NAME = AppIcon;
				CODE_SIGN_IDENTITY = "iPhone Developer";
				CODE_SIGN_STYLE = Automatic;
				DEVELOPMENT_TEAM = "";
				INFOPLIST_FILE = Tennis/Info.plist;
				LD_RUNPATH_SEARCH_PATHS = (
					"$(inherited)",
					"@executable_path/Frameworks",
				);
				PRODUCT_BUNDLE_IDENTIFIER = com.murali.Tennis;
				PRODUCT_NAME = "$(TARGET_NAME)";
				PROVISIONING_PROFILE_SPECIFIER = "";
				SWIFT_VERSION = 4.2;
				TARGETED_DEVICE_FAMILY = "1,2";
			};
			name = Release;
		};
		6A34F33C227F0CD7000FFB38 /* Debug */ = {
			isa = XCBuildConfiguration;
			buildSettings = {
				ALWAYS_EMBED_SWIFT_STANDARD_LIBRARIES = YES;
				BUNDLE_LOADER = "$(TEST_HOST)";
				CODE_SIGN_STYLE = Automatic;
				INFOPLIST_FILE = TennisTests/Info.plist;
				LD_RUNPATH_SEARCH_PATHS = (
					"$(inherited)",
					"@executable_path/Frameworks",
					"@loader_path/Frameworks",
				);
				PRODUCT_BUNDLE_IDENTIFIER = com.murali.TennisTests;
				PRODUCT_NAME = "$(TARGET_NAME)";
				SWIFT_VERSION = 4.2;
				TARGETED_DEVICE_FAMILY = "1,2";
				TEST_HOST = "$(BUILT_PRODUCTS_DIR)/Tennis.app/Tennis";
			};
			name = Debug;
		};
		6A34F33D227F0CD7000FFB38 /* Release */ = {
			isa = XCBuildConfiguration;
			buildSettings = {
				ALWAYS_EMBED_SWIFT_STANDARD_LIBRARIES = YES;
				BUNDLE_LOADER = "$(TEST_HOST)";
				CODE_SIGN_STYLE = Automatic;
				INFOPLIST_FILE = TennisTests/Info.plist;
				LD_RUNPATH_SEARCH_PATHS = (
					"$(inherited)",
					"@executable_path/Frameworks",
					"@loader_path/Frameworks",
				);
				PRODUCT_BUNDLE_IDENTIFIER = com.murali.TennisTests;
				PRODUCT_NAME = "$(TARGET_NAME)";
				SWIFT_VERSION = 4.2;
				TARGETED_DEVICE_FAMILY = "1,2";
				TEST_HOST = "$(BUILT_PRODUCTS_DIR)/Tennis.app/Tennis";
			};
			name = Release;
		};
/* End XCBuildConfiguration section */

/* Begin XCConfigurationList section */
		6A34F316227F0CD4000FFB38 /* Build configuration list for PBXProject "Tennis" */ = {
			isa = XCConfigurationList;
			buildConfigurations = (
				6A34F336227F0CD7000FFB38 /* Debug */,
				6A34F337227F0CD7000FFB38 /* Release */,
			);
			defaultConfigurationIsVisible = 0;
			defaultConfigurationName = Release;
		};
		6A34F338227F0CD7000FFB38 /* Build configuration list for PBXNativeTarget "Tennis" */ = {
			isa = XCConfigurationList;
			buildConfigurations = (
				6A34F339227F0CD7000FFB38 /* Debug */,
				6A34F33A227F0CD7000FFB38 /* Release */,
			);
			defaultConfigurationIsVisible = 0;
			defaultConfigurationName = Release;
		};
		6A34F33B227F0CD7000FFB38 /* Build configuration list for PBXNativeTarget "TennisTests" */ = {
			isa = XCConfigurationList;
			buildConfigurations = (
				6A34F33C227F0CD7000FFB38 /* Debug */,
				6A34F33D227F0CD7000FFB38 /* Release */,
			);
			defaultConfigurationIsVisible = 0;
			defaultConfigurationName = Release;
		};
/* End XCConfigurationList section */
	};
	rootObject = 6A34F313227F0CD4000FFB38 /* Project object */;
}
